
Microsoft Visual Studio Solution File, Format Version 12.00
# Visual Studio 15
VisualStudioVersion = 15.0.26124.0
MinimumVisualStudioVersion = 15.0.26124.0
Project("{2150E333-8FDC-42A3-9474-1A3956D46DE8}") = "ConfigGenerator", "ConfigGenerator", "{B39F48C4-567D-48F0-A5FB-0464CB53B74D}"
EndProject
Project("{F2A71F9B-5D33-465A-A702-920D77279786}") = "NugetConfigsWithPsScript.ConfigGenerator", "src\NugetConfigsWithPsScript.ConfigGenerator\NugetConfigsWithPsScript.ConfigGenerator.fsproj", "{39CE1F82-EABC-4C92-9A70-6E9EF1200D59}"
EndProject
Project("{2150E333-8FDC-42A3-9474-1A3956D46DE8}") = "App", "App", "{DE307E0C-2CEE-430C-AE93-E01A95798868}"
EndProject
Project("{FAE04EC0-301F-11D3-BF4B-00C04F79EFBC}") = "NugetConfigsWithPsScript.App", "src\NugetConfigsWithPsScript.App\NugetConfigsWithPsScript.App.csproj", "{D1AF1F84-BED5-4BD2-970C-C9EB5AC5A506}"
EndProject
Project("{FAE04EC0-301F-11D3-BF4B-00C04F79EFBC}") = "NugetConfigsWithPsScript.Lib1", "src\NugetConfigsWithPsScript.Lib1\NugetConfigsWithPsScript.Lib1.csproj", "{B7BD950A-C116-4285-8745-DB75AB87879A}"
EndProject
Project("{FAE04EC0-301F-11D3-BF4B-00C04F79EFBC}") = "NugetConfigsWithPsScript.Lib2", "src\NugetConfigsWithPsScript.Lib2\NugetConfigsWithPsScript.Lib2.csproj", "{23EB6DF1-F99A-4751-AF56-4521D79488ED}"
EndProject
Project("{FAE04EC0-301F-11D3-BF4B-00C04F79EFBC}") = "NugetConfigsWithPsScript.Lib3", "src\NugetConfigsWithPsScript.Lib3\NugetConfigsWithPsScript.Lib3.csproj", "{0F99CE75-578B-48B1-984D-869447493C53}"
EndProject
Project("{2150E333-8FDC-42A3-9474-1A3956D46DE8}") = "Confun", "Confun", "{4D60A7E5-E0CD-4ABA-92C1-634431F1F6E8}"
EndProject
Project("{F2A71F9B-5D33-465A-A702-920D77279786}") = "Confun.Core.Types", "..\..\app\Confun.Core.Types\Confun.Core.Types.fsproj", "{8CB1E44A-7965-4AAF-AC41-CBA692387C5D}"
EndProject
Project("{F2A71F9B-5D33-465A-A702-920D77279786}") = "Confun.Core.Processing", "..\..\app\Confun.Core.Processing\Confun.Core.Processing.fsproj", "{19E54B8B-746B-49B0-B76D-9AA2D0787B3B}"
EndProject
Project("{F2A71F9B-5D33-465A-A702-920D77279786}") = "Confun.Generator.Xml", "..\..\app\Confun.Generator.Xml\Confun.Generator.Xml.fsproj", "{ED75F7DF-FC9C-41E0-8194-39C63B7360C4}"
EndProject
Global
	GlobalSection(SolutionConfigurationPlatforms) = preSolution
		Debug|Any CPU = Debug|Any CPU
		Debug|x64 = Debug|x64
		Debug|x86 = Debug|x86
		Release|Any CPU = Release|Any CPU
		Release|x64 = Release|x64
		Release|x86 = Release|x86
	EndGlobalSection
	GlobalSection(SolutionProperties) = preSolution
		HideSolutionNode = FALSE
	EndGlobalSection
	GlobalSection(ProjectConfigurationPlatforms) = postSolution
		{39CE1F82-EABC-4C92-9A70-6E9EF1200D59}.Debug|Any CPU.ActiveCfg = Debug|Any CPU
		{39CE1F82-EABC-4C92-9A70-6E9EF1200D59}.Debug|Any CPU.Build.0 = Debug|Any CPU
		{39CE1F82-EABC-4C92-9A70-6E9EF1200D59}.Debug|x64.ActiveCfg = Debug|Any CPU
		{39CE1F82-EABC-4C92-9A70-6E9EF1200D59}.Debug|x64.Build.0 = Debug|Any CPU
		{39CE1F82-EABC-4C92-9A70-6E9EF1200D59}.Debug|x86.ActiveCfg = Debug|Any CPU
		{39CE1F82-EABC-4C92-9A70-6E9EF1200D59}.Debug|x86.Build.0 = Debug|Any CPU
		{39CE1F82-EABC-4C92-9A70-6E9EF1200D59}.Release|Any CPU.ActiveCfg = Release|Any CPU
		{39CE1F82-EABC-4C92-9A70-6E9EF1200D59}.Release|Any CPU.Build.0 = Release|Any CPU
		{39CE1F82-EABC-4C92-9A70-6E9EF1200D59}.Release|x64.ActiveCfg = Release|Any CPU
		{39CE1F82-EABC-4C92-9A70-6E9EF1200D59}.Release|x64.Build.0 = Release|Any CPU
		{39CE1F82-EABC-4C92-9A70-6E9EF1200D59}.Release|x86.ActiveCfg = Release|Any CPU
		{39CE1F82-EABC-4C92-9A70-6E9EF1200D59}.Release|x86.Build.0 = Release|Any CPU
		{D1AF1F84-BED5-4BD2-970C-C9EB5AC5A506}.Debug|Any CPU.ActiveCfg = Debug|Any CPU
		{D1AF1F84-BED5-4BD2-970C-C9EB5AC5A506}.Debug|Any CPU.Build.0 = Debug|Any CPU
		{D1AF1F84-BED5-4BD2-970C-C9EB5AC5A506}.Debug|x64.ActiveCfg = Debug|Any CPU
		{D1AF1F84-BED5-4BD2-970C-C9EB5AC5A506}.Debug|x64.Build.0 = Debug|Any CPU
		{D1AF1F84-BED5-4BD2-970C-C9EB5AC5A506}.Debug|x86.ActiveCfg = Debug|Any CPU
		{D1AF1F84-BED5-4BD2-970C-C9EB5AC5A506}.Debug|x86.Build.0 = Debug|Any CPU
		{D1AF1F84-BED5-4BD2-970C-C9EB5AC5A506}.Release|Any CPU.ActiveCfg = Release|Any CPU
		{D1AF1F84-BED5-4BD2-970C-C9EB5AC5A506}.Release|Any CPU.Build.0 = Release|Any CPU
		{D1AF1F84-BED5-4BD2-970C-C9EB5AC5A506}.Release|x64.ActiveCfg = Release|Any CPU
		{D1AF1F84-BED5-4BD2-970C-C9EB5AC5A506}.Release|x64.Build.0 = Release|Any CPU
		{D1AF1F84-BED5-4BD2-970C-C9EB5AC5A506}.Release|x86.ActiveCfg = Release|Any CPU
		{D1AF1F84-BED5-4BD2-970C-C9EB5AC5A506}.Release|x86.Build.0 = Release|Any CPU
		{B7BD950A-C116-4285-8745-DB75AB87879A}.Debug|Any CPU.ActiveCfg = Debug|Any CPU
		{B7BD950A-C116-4285-8745-DB75AB87879A}.Debug|Any CPU.Build.0 = Debug|Any CPU
		{B7BD950A-C116-4285-8745-DB75AB87879A}.Debug|x64.ActiveCfg = Debug|Any CPU
		{B7BD950A-C116-4285-8745-DB75AB87879A}.Debug|x64.Build.0 = Debug|Any CPU
		{B7BD950A-C116-4285-8745-DB75AB87879A}.Debug|x86.ActiveCfg = Debug|Any CPU
		{B7BD950A-C116-4285-8745-DB75AB87879A}.Debug|x86.Build.0 = Debug|Any CPU
		{B7BD950A-C116-4285-8745-DB75AB87879A}.Release|Any CPU.ActiveCfg = Release|Any CPU
		{B7BD950A-C116-4285-8745-DB75AB87879A}.Release|Any CPU.Build.0 = Release|Any CPU
		{B7BD950A-C116-4285-8745-DB75AB87879A}.Release|x64.ActiveCfg = Release|Any CPU
		{B7BD950A-C116-4285-8745-DB75AB87879A}.Release|x64.Build.0 = Release|Any CPU
		{B7BD950A-C116-4285-8745-DB75AB87879A}.Release|x86.ActiveCfg = Release|Any CPU
		{B7BD950A-C116-4285-8745-DB75AB87879A}.Release|x86.Build.0 = Release|Any CPU
		{23EB6DF1-F99A-4751-AF56-4521D79488ED}.Debug|Any CPU.ActiveCfg = Debug|Any CPU
		{23EB6DF1-F99A-4751-AF56-4521D79488ED}.Debug|Any CPU.Build.0 = Debug|Any CPU
		{23EB6DF1-F99A-4751-AF56-4521D79488ED}.Debug|x64.ActiveCfg = Debug|Any CPU
		{23EB6DF1-F99A-4751-AF56-4521D79488ED}.Debug|x64.Build.0 = Debug|Any CPU
		{23EB6DF1-F99A-4751-AF56-4521D79488ED}.Debug|x86.ActiveCfg = Debug|Any CPU
		{23EB6DF1-F99A-4751-AF56-4521D79488ED}.Debug|x86.Build.0 = Debug|Any CPU
		{23EB6DF1-F99A-4751-AF56-4521D79488ED}.Release|Any CPU.ActiveCfg = Release|Any CPU
		{23EB6DF1-F99A-4751-AF56-4521D79488ED}.Release|Any CPU.Build.0 = Release|Any CPU
		{23EB6DF1-F99A-4751-AF56-4521D79488ED}.Release|x64.ActiveCfg = Release|Any CPU
		{23EB6DF1-F99A-4751-AF56-4521D79488ED}.Release|x64.Build.0 = Release|Any CPU
		{23EB6DF1-F99A-4751-AF56-4521D79488ED}.Release|x86.ActiveCfg = Release|Any CPU
		{23EB6DF1-F99A-4751-AF56-4521D79488ED}.Release|x86.Build.0 = Release|Any CPU
		{0F99CE75-578B-48B1-984D-869447493C53}.Debug|Any CPU.ActiveCfg = Debug|Any CPU
		{0F99CE75-578B-48B1-984D-869447493C53}.Debug|Any CPU.Build.0 = Debug|Any CPU
		{0F99CE75-578B-48B1-984D-869447493C53}.Debug|x64.ActiveCfg = Debug|Any CPU
		{0F99CE75-578B-48B1-984D-869447493C53}.Debug|x64.Build.0 = Debug|Any CPU
		{0F99CE75-578B-48B1-984D-869447493C53}.Debug|x86.ActiveCfg = Debug|Any CPU
		{0F99CE75-578B-48B1-984D-869447493C53}.Debug|x86.Build.0 = Debug|Any CPU
		{0F99CE75-578B-48B1-984D-869447493C53}.Release|Any CPU.ActiveCfg = Release|Any CPU
		{0F99CE75-578B-48B1-984D-869447493C53}.Release|Any CPU.Build.0 = Release|Any CPU
		{0F99CE75-578B-48B1-984D-869447493C53}.Release|x64.ActiveCfg = Release|Any CPU
		{0F99CE75-578B-48B1-984D-869447493C53}.Release|x64.Build.0 = Release|Any CPU
		{0F99CE75-578B-48B1-984D-869447493C53}.Release|x86.ActiveCfg = Release|Any CPU
		{0F99CE75-578B-48B1-984D-869447493C53}.Release|x86.Build.0 = Release|Any CPU
		{8CB1E44A-7965-4AAF-AC41-CBA692387C5D}.Debug|Any CPU.ActiveCfg = Debug|Any CPU
		{8CB1E44A-7965-4AAF-AC41-CBA692387C5D}.Debug|Any CPU.Build.0 = Debug|Any CPU
		{8CB1E44A-7965-4AAF-AC41-CBA692387C5D}.Debug|x64.ActiveCfg = Debug|Any CPU
		{8CB1E44A-7965-4AAF-AC41-CBA692387C5D}.Debug|x64.Build.0 = Debug|Any CPU
		{8CB1E44A-7965-4AAF-AC41-CBA692387C5D}.Debug|x86.ActiveCfg = Debug|Any CPU
		{8CB1E44A-7965-4AAF-AC41-CBA692387C5D}.Debug|x86.Build.0 = Debug|Any CPU
		{8CB1E44A-7965-4AAF-AC41-CBA692387C5D}.Release|Any CPU.ActiveCfg = Release|Any CPU
		{8CB1E44A-7965-4AAF-AC41-CBA692387C5D}.Release|Any CPU.Build.0 = Release|Any CPU
		{8CB1E44A-7965-4AAF-AC41-CBA692387C5D}.Release|x64.ActiveCfg = Release|Any CPU
		{8CB1E44A-7965-4AAF-AC41-CBA692387C5D}.Release|x64.Build.0 = Release|Any CPU
		{8CB1E44A-7965-4AAF-AC41-CBA692387C5D}.Release|x86.ActiveCfg = Release|Any CPU
		{8CB1E44A-7965-4AAF-AC41-CBA692387C5D}.Release|x86.Build.0 = Release|Any CPU
		{19E54B8B-746B-49B0-B76D-9AA2D0787B3B}.Debug|Any CPU.ActiveCfg = Debug|Any CPU
		{19E54B8B-746B-49B0-B76D-9AA2D0787B3B}.Debug|Any CPU.Build.0 = Debug|Any CPU
		{19E54B8B-746B-49B0-B76D-9AA2D0787B3B}.Debug|x64.ActiveCfg = Debug|Any CPU
		{19E54B8B-746B-49B0-B76D-9AA2D0787B3B}.Debug|x64.Build.0 = Debug|Any CPU
		{19E54B8B-746B-49B0-B76D-9AA2D0787B3B}.Debug|x86.ActiveCfg = Debug|Any CPU
		{19E54B8B-746B-49B0-B76D-9AA2D0787B3B}.Debug|x86.Build.0 = Debug|Any CPU
		{19E54B8B-746B-49B0-B76D-9AA2D0787B3B}.Release|Any CPU.ActiveCfg = Release|Any CPU
		{19E54B8B-746B-49B0-B76D-9AA2D0787B3B}.Release|Any CPU.Build.0 = Release|Any CPU
		{19E54B8B-746B-49B0-B76D-9AA2D0787B3B}.Release|x64.ActiveCfg = Release|Any CPU
		{19E54B8B-746B-49B0-B76D-9AA2D0787B3B}.Release|x64.Build.0 = Release|Any CPU
		{19E54B8B-746B-49B0-B76D-9AA2D0787B3B}.Release|x86.ActiveCfg = Release|Any CPU
		{19E54B8B-746B-49B0-B76D-9AA2D0787B3B}.Release|x86.Build.0 = Release|Any CPU
		{ED75F7DF-FC9C-41E0-8194-39C63B7360C4}.Debug|Any CPU.ActiveCfg = Debug|Any CPU
		{ED75F7DF-FC9C-41E0-8194-39C63B7360C4}.Debug|Any CPU.Build.0 = Debug|Any CPU
		{ED75F7DF-FC9C-41E0-8194-39C63B7360C4}.Debug|x64.ActiveCfg = Debug|Any CPU
		{ED75F7DF-FC9C-41E0-8194-39C63B7360C4}.Debug|x64.Build.0 = Debug|Any CPU
		{ED75F7DF-FC9C-41E0-8194-39C63B7360C4}.Debug|x86.ActiveCfg = Debug|Any CPU
		{ED75F7DF-FC9C-41E0-8194-39C63B7360C4}.Debug|x86.Build.0 = Debug|Any CPU
		{ED75F7DF-FC9C-41E0-8194-39C63B7360C4}.Release|Any CPU.ActiveCfg = Release|Any CPU
		{ED75F7DF-FC9C-41E0-8194-39C63B7360C4}.Release|Any CPU.Build.0 = Release|Any CPU
		{ED75F7DF-FC9C-41E0-8194-39C63B7360C4}.Release|x64.ActiveCfg = Release|Any CPU
		{ED75F7DF-FC9C-41E0-8194-39C63B7360C4}.Release|x64.Build.0 = Release|Any CPU
		{ED75F7DF-FC9C-41E0-8194-39C63B7360C4}.Release|x86.ActiveCfg = Release|Any CPU
		{ED75F7DF-FC9C-41E0-8194-39C63B7360C4}.Release|x86.Build.0 = Release|Any CPU
	EndGlobalSection
	GlobalSection(NestedProjects) = preSolution
		{39CE1F82-EABC-4C92-9A70-6E9EF1200D59} = {B39F48C4-567D-48F0-A5FB-0464CB53B74D}
		{D1AF1F84-BED5-4BD2-970C-C9EB5AC5A506} = {DE307E0C-2CEE-430C-AE93-E01A95798868}
		{B7BD950A-C116-4285-8745-DB75AB87879A} = {DE307E0C-2CEE-430C-AE93-E01A95798868}
		{23EB6DF1-F99A-4751-AF56-4521D79488ED} = {DE307E0C-2CEE-430C-AE93-E01A95798868}
		{0F99CE75-578B-48B1-984D-869447493C53} = {DE307E0C-2CEE-430C-AE93-E01A95798868}
		{8CB1E44A-7965-4AAF-AC41-CBA692387C5D} = {4D60A7E5-E0CD-4ABA-92C1-634431F1F6E8}
		{19E54B8B-746B-49B0-B76D-9AA2D0787B3B} = {4D60A7E5-E0CD-4ABA-92C1-634431F1F6E8}
		{ED75F7DF-FC9C-41E0-8194-39C63B7360C4} = {4D60A7E5-E0CD-4ABA-92C1-634431F1F6E8}
	EndGlobalSection
EndGlobal
