
Microsoft Visual Studio Solution File, Format Version 12.00
# Visual Studio 15
VisualStudioVersion = 15.0.26124.0
MinimumVisualStudioVersion = 15.0.26124.0
Project("{2150E333-8FDC-42A3-9474-1A3956D46DE8}") = "Core", "Core", "{3E83C732-021E-46B3-919A-B412B06DD663}"
EndProject
Project("{F2A71F9B-5D33-465A-A702-920D77279786}") = "Confun.Core.Types", "src\app\Confun.Core.Types\Confun.Core.Types.fsproj", "{7A4E6D9F-EB32-49E5-A90F-D97EC993DB6C}"
EndProject
Project("{2150E333-8FDC-42A3-9474-1A3956D46DE8}") = "Test", "Test", "{8FF1DD7B-616D-417B-9619-7830C9B03B83}"
EndProject
Project("{F2A71F9B-5D33-465A-A702-920D77279786}") = "FirstSample", "src\test\FirstSample\FirstSample.fsproj", "{7726A0DB-9A5E-4628-9E23-8EA7237361EE}"
EndProject
Project("{F2A71F9B-5D33-465A-A702-920D77279786}") = "Confun.Core.Processing", "src\app\Confun.Core.Processing\Confun.Core.Processing.fsproj", "{8C14F194-1EFD-491B-8EBE-A94A0E11B06E}"
EndProject
Project("{F2A71F9B-5D33-465A-A702-920D77279786}") = "Confun.UnitTests", "src\test\Confun.UnitTests\Confun.UnitTests.fsproj", "{5FEE4C3A-F609-41EC-8468-D2329F56F6D7}"
EndProject
Project("{2150E333-8FDC-42A3-9474-1A3956D46DE8}") = "Generators", "Generators", "{FF67AB47-49B2-413A-AA09-3A99E71B6170}"
EndProject
Project("{F2A71F9B-5D33-465A-A702-920D77279786}") = "Confun.Generator.Json", "src\app\Confun.Generator.Json\Confun.Generator.Json.fsproj", "{18F07112-5C47-4FFE-A9E7-37CE46C6633F}"
EndProject
Global
	GlobalSection(SolutionConfigurationPlatforms) = preSolution
		Debug|Any CPU = Debug|Any CPU
		Debug|x64 = Debug|x64
		Debug|x86 = Debug|x86
		Release|Any CPU = Release|Any CPU
		Release|x64 = Release|x64
		Release|x86 = Release|x86
	EndGlobalSection
	GlobalSection(SolutionProperties) = preSolution
		HideSolutionNode = FALSE
	EndGlobalSection
	GlobalSection(ProjectConfigurationPlatforms) = postSolution
		{7A4E6D9F-EB32-49E5-A90F-D97EC993DB6C}.Debug|Any CPU.ActiveCfg = Debug|Any CPU
		{7A4E6D9F-EB32-49E5-A90F-D97EC993DB6C}.Debug|Any CPU.Build.0 = Debug|Any CPU
		{7A4E6D9F-EB32-49E5-A90F-D97EC993DB6C}.Debug|x64.ActiveCfg = Debug|Any CPU
		{7A4E6D9F-EB32-49E5-A90F-D97EC993DB6C}.Debug|x64.Build.0 = Debug|Any CPU
		{7A4E6D9F-EB32-49E5-A90F-D97EC993DB6C}.Debug|x86.ActiveCfg = Debug|Any CPU
		{7A4E6D9F-EB32-49E5-A90F-D97EC993DB6C}.Debug|x86.Build.0 = Debug|Any CPU
		{7A4E6D9F-EB32-49E5-A90F-D97EC993DB6C}.Release|Any CPU.ActiveCfg = Release|Any CPU
		{7A4E6D9F-EB32-49E5-A90F-D97EC993DB6C}.Release|Any CPU.Build.0 = Release|Any CPU
		{7A4E6D9F-EB32-49E5-A90F-D97EC993DB6C}.Release|x64.ActiveCfg = Release|Any CPU
		{7A4E6D9F-EB32-49E5-A90F-D97EC993DB6C}.Release|x64.Build.0 = Release|Any CPU
		{7A4E6D9F-EB32-49E5-A90F-D97EC993DB6C}.Release|x86.ActiveCfg = Release|Any CPU
		{7A4E6D9F-EB32-49E5-A90F-D97EC993DB6C}.Release|x86.Build.0 = Release|Any CPU
		{7726A0DB-9A5E-4628-9E23-8EA7237361EE}.Debug|Any CPU.ActiveCfg = Debug|Any CPU
		{7726A0DB-9A5E-4628-9E23-8EA7237361EE}.Debug|Any CPU.Build.0 = Debug|Any CPU
		{7726A0DB-9A5E-4628-9E23-8EA7237361EE}.Debug|x64.ActiveCfg = Debug|Any CPU
		{7726A0DB-9A5E-4628-9E23-8EA7237361EE}.Debug|x64.Build.0 = Debug|Any CPU
		{7726A0DB-9A5E-4628-9E23-8EA7237361EE}.Debug|x86.ActiveCfg = Debug|Any CPU
		{7726A0DB-9A5E-4628-9E23-8EA7237361EE}.Debug|x86.Build.0 = Debug|Any CPU
		{7726A0DB-9A5E-4628-9E23-8EA7237361EE}.Release|Any CPU.ActiveCfg = Release|Any CPU
		{7726A0DB-9A5E-4628-9E23-8EA7237361EE}.Release|Any CPU.Build.0 = Release|Any CPU
		{7726A0DB-9A5E-4628-9E23-8EA7237361EE}.Release|x64.ActiveCfg = Release|Any CPU
		{7726A0DB-9A5E-4628-9E23-8EA7237361EE}.Release|x64.Build.0 = Release|Any CPU
		{7726A0DB-9A5E-4628-9E23-8EA7237361EE}.Release|x86.ActiveCfg = Release|Any CPU
		{7726A0DB-9A5E-4628-9E23-8EA7237361EE}.Release|x86.Build.0 = Release|Any CPU
		{8C14F194-1EFD-491B-8EBE-A94A0E11B06E}.Debug|Any CPU.ActiveCfg = Debug|Any CPU
		{8C14F194-1EFD-491B-8EBE-A94A0E11B06E}.Debug|Any CPU.Build.0 = Debug|Any CPU
		{8C14F194-1EFD-491B-8EBE-A94A0E11B06E}.Debug|x64.ActiveCfg = Debug|Any CPU
		{8C14F194-1EFD-491B-8EBE-A94A0E11B06E}.Debug|x64.Build.0 = Debug|Any CPU
		{8C14F194-1EFD-491B-8EBE-A94A0E11B06E}.Debug|x86.ActiveCfg = Debug|Any CPU
		{8C14F194-1EFD-491B-8EBE-A94A0E11B06E}.Debug|x86.Build.0 = Debug|Any CPU
		{8C14F194-1EFD-491B-8EBE-A94A0E11B06E}.Release|Any CPU.ActiveCfg = Release|Any CPU
		{8C14F194-1EFD-491B-8EBE-A94A0E11B06E}.Release|Any CPU.Build.0 = Release|Any CPU
		{8C14F194-1EFD-491B-8EBE-A94A0E11B06E}.Release|x64.ActiveCfg = Release|Any CPU
		{8C14F194-1EFD-491B-8EBE-A94A0E11B06E}.Release|x64.Build.0 = Release|Any CPU
		{8C14F194-1EFD-491B-8EBE-A94A0E11B06E}.Release|x86.ActiveCfg = Release|Any CPU
		{8C14F194-1EFD-491B-8EBE-A94A0E11B06E}.Release|x86.Build.0 = Release|Any CPU
		{5FEE4C3A-F609-41EC-8468-D2329F56F6D7}.Debug|Any CPU.ActiveCfg = Debug|Any CPU
		{5FEE4C3A-F609-41EC-8468-D2329F56F6D7}.Debug|Any CPU.Build.0 = Debug|Any CPU
		{5FEE4C3A-F609-41EC-8468-D2329F56F6D7}.Debug|x64.ActiveCfg = Debug|Any CPU
		{5FEE4C3A-F609-41EC-8468-D2329F56F6D7}.Debug|x64.Build.0 = Debug|Any CPU
		{5FEE4C3A-F609-41EC-8468-D2329F56F6D7}.Debug|x86.ActiveCfg = Debug|Any CPU
		{5FEE4C3A-F609-41EC-8468-D2329F56F6D7}.Debug|x86.Build.0 = Debug|Any CPU
		{5FEE4C3A-F609-41EC-8468-D2329F56F6D7}.Release|Any CPU.ActiveCfg = Release|Any CPU
		{5FEE4C3A-F609-41EC-8468-D2329F56F6D7}.Release|Any CPU.Build.0 = Release|Any CPU
		{5FEE4C3A-F609-41EC-8468-D2329F56F6D7}.Release|x64.ActiveCfg = Release|Any CPU
		{5FEE4C3A-F609-41EC-8468-D2329F56F6D7}.Release|x64.Build.0 = Release|Any CPU
		{5FEE4C3A-F609-41EC-8468-D2329F56F6D7}.Release|x86.ActiveCfg = Release|Any CPU
		{5FEE4C3A-F609-41EC-8468-D2329F56F6D7}.Release|x86.Build.0 = Release|Any CPU
		{18F07112-5C47-4FFE-A9E7-37CE46C6633F}.Debug|Any CPU.ActiveCfg = Debug|Any CPU
		{18F07112-5C47-4FFE-A9E7-37CE46C6633F}.Debug|Any CPU.Build.0 = Debug|Any CPU
		{18F07112-5C47-4FFE-A9E7-37CE46C6633F}.Debug|x64.ActiveCfg = Debug|Any CPU
		{18F07112-5C47-4FFE-A9E7-37CE46C6633F}.Debug|x64.Build.0 = Debug|Any CPU
		{18F07112-5C47-4FFE-A9E7-37CE46C6633F}.Debug|x86.ActiveCfg = Debug|Any CPU
		{18F07112-5C47-4FFE-A9E7-37CE46C6633F}.Debug|x86.Build.0 = Debug|Any CPU
		{18F07112-5C47-4FFE-A9E7-37CE46C6633F}.Release|Any CPU.ActiveCfg = Release|Any CPU
		{18F07112-5C47-4FFE-A9E7-37CE46C6633F}.Release|Any CPU.Build.0 = Release|Any CPU
		{18F07112-5C47-4FFE-A9E7-37CE46C6633F}.Release|x64.ActiveCfg = Release|Any CPU
		{18F07112-5C47-4FFE-A9E7-37CE46C6633F}.Release|x64.Build.0 = Release|Any CPU
		{18F07112-5C47-4FFE-A9E7-37CE46C6633F}.Release|x86.ActiveCfg = Release|Any CPU
		{18F07112-5C47-4FFE-A9E7-37CE46C6633F}.Release|x86.Build.0 = Release|Any CPU
	EndGlobalSection
	GlobalSection(NestedProjects) = preSolution
		{7A4E6D9F-EB32-49E5-A90F-D97EC993DB6C} = {3E83C732-021E-46B3-919A-B412B06DD663}
		{7726A0DB-9A5E-4628-9E23-8EA7237361EE} = {8FF1DD7B-616D-417B-9619-7830C9B03B83}
		{8C14F194-1EFD-491B-8EBE-A94A0E11B06E} = {3E83C732-021E-46B3-919A-B412B06DD663}
		{5FEE4C3A-F609-41EC-8468-D2329F56F6D7} = {8FF1DD7B-616D-417B-9619-7830C9B03B83}
		{18F07112-5C47-4FFE-A9E7-37CE46C6633F} = {FF67AB47-49B2-413A-AA09-3A99E71B6170}
	EndGlobalSection
EndGlobal
